
Microsoft Visual Studio Solution File, Format Version 12.00
# Visual Studio Version 17
VisualStudioVersion = 17.2.32526.322
MinimumVisualStudioVersion = 10.0.40219.1
Project("{9A19103F-16F7-4668-BE54-9A1E7A4F7556}") = "LocadoraVipFilmes.Dominio", "LocadoraVipFilmes.Dominio\LocadoraVipFilmes.Dominio.csproj", "{35FB13EF-BD8F-40CD-AF4F-E609A08B64FA}"
EndProject
Project("{9A19103F-16F7-4668-BE54-9A1E7A4F7556}") = "LocadoraVipFilmes.Data", "LocadoraVipFilmes.Data\LocadoraVipFilmes.Data.csproj", "{8D1FD573-A08B-4173-A362-E8FF65343FAC}"
EndProject
Project("{9A19103F-16F7-4668-BE54-9A1E7A4F7556}") = "LocadoraVipFilmes.API", "LocadoraVipFilmes.API\LocadoraVipFilmes.API.csproj", "{BBCEFC0F-11ED-4551-91A0-7A57DDF36643}"
EndProject
Project("{FAE04EC0-301F-11D3-BF4B-00C04F79EFBC}") = "LocadoraVipFilmes.Auth.API", "LocadoraVipFilmes.Auth.API\LocadoraVipFilmes.Auth.API.csproj", "{A5312DC0-D998-421F-BC24-E7B84FE38C3E}"
EndProject
Global
	GlobalSection(SolutionConfigurationPlatforms) = preSolution
		Debug|Any CPU = Debug|Any CPU
		Release|Any CPU = Release|Any CPU
	EndGlobalSection
	GlobalSection(ProjectConfigurationPlatforms) = postSolution
		{35FB13EF-BD8F-40CD-AF4F-E609A08B64FA}.Debug|Any CPU.ActiveCfg = Debug|Any CPU
		{35FB13EF-BD8F-40CD-AF4F-E609A08B64FA}.Debug|Any CPU.Build.0 = Debug|Any CPU
		{35FB13EF-BD8F-40CD-AF4F-E609A08B64FA}.Release|Any CPU.ActiveCfg = Release|Any CPU
		{35FB13EF-BD8F-40CD-AF4F-E609A08B64FA}.Release|Any CPU.Build.0 = Release|Any CPU
		{8D1FD573-A08B-4173-A362-E8FF65343FAC}.Debug|Any CPU.ActiveCfg = Debug|Any CPU
		{8D1FD573-A08B-4173-A362-E8FF65343FAC}.Debug|Any CPU.Build.0 = Debug|Any CPU
		{8D1FD573-A08B-4173-A362-E8FF65343FAC}.Release|Any CPU.ActiveCfg = Release|Any CPU
		{8D1FD573-A08B-4173-A362-E8FF65343FAC}.Release|Any CPU.Build.0 = Release|Any CPU
		{BBCEFC0F-11ED-4551-91A0-7A57DDF36643}.Debug|Any CPU.ActiveCfg = Debug|Any CPU
		{BBCEFC0F-11ED-4551-91A0-7A57DDF36643}.Debug|Any CPU.Build.0 = Debug|Any CPU
		{BBCEFC0F-11ED-4551-91A0-7A57DDF36643}.Release|Any CPU.ActiveCfg = Release|Any CPU
		{BBCEFC0F-11ED-4551-91A0-7A57DDF36643}.Release|Any CPU.Build.0 = Release|Any CPU
		{A5312DC0-D998-421F-BC24-E7B84FE38C3E}.Debug|Any CPU.ActiveCfg = Debug|Any CPU
		{A5312DC0-D998-421F-BC24-E7B84FE38C3E}.Debug|Any CPU.Build.0 = Debug|Any CPU
		{A5312DC0-D998-421F-BC24-E7B84FE38C3E}.Release|Any CPU.ActiveCfg = Release|Any CPU
		{A5312DC0-D998-421F-BC24-E7B84FE38C3E}.Release|Any CPU.Build.0 = Release|Any CPU
	EndGlobalSection
	GlobalSection(SolutionProperties) = preSolution
		HideSolutionNode = FALSE
	EndGlobalSection
	GlobalSection(ExtensibilityGlobals) = postSolution
		SolutionGuid = {C9FE3E8A-7616-4CF3-BBA2-4CD8EE355D67}
	EndGlobalSection
EndGlobal
